// !$*UTF8*$!
{
	archiveVersion = 1;
	classes = {
	};
	objectVersion = 50;
	objects = {

/* Begin PBXBuildFile section */
		020020F225C304ED00D5A3EC /* AppDelegate.swift in Sources */ = {isa = PBXBuildFile; fileRef = 020020F125C304ED00D5A3EC /* AppDelegate.swift */; };
		020020F425C304ED00D5A3EC /* SceneDelegate.swift in Sources */ = {isa = PBXBuildFile; fileRef = 020020F325C304ED00D5A3EC /* SceneDelegate.swift */; };
		020020F625C304ED00D5A3EC /* ViewController.swift in Sources */ = {isa = PBXBuildFile; fileRef = 020020F525C304ED00D5A3EC /* ViewController.swift */; };
		020020F925C304ED00D5A3EC /* Main.storyboard in Resources */ = {isa = PBXBuildFile; fileRef = 020020F725C304ED00D5A3EC /* Main.storyboard */; };
		020020FB25C304EE00D5A3EC /* Assets.xcassets in Resources */ = {isa = PBXBuildFile; fileRef = 020020FA25C304EE00D5A3EC /* Assets.xcassets */; };
		020020FE25C304EE00D5A3EC /* LaunchScreen.storyboard in Resources */ = {isa = PBXBuildFile; fileRef = 020020FC25C304EE00D5A3EC /* LaunchScreen.storyboard */; };
		0200210925C304EE00D5A3EC /* tippyTests.swift in Sources */ = {isa = PBXBuildFile; fileRef = 0200210825C304EE00D5A3EC /* tippyTests.swift */; };
		0200211425C304EF00D5A3EC /* tippyUITests.swift in Sources */ = {isa = PBXBuildFile; fileRef = 0200211325C304EF00D5A3EC /* tippyUITests.swift */; };
/* End PBXBuildFile section */

/* Begin PBXContainerItemProxy section */
		0200210525C304EE00D5A3EC /* PBXContainerItemProxy */ = {
			isa = PBXContainerItemProxy;
			containerPortal = 020020E625C304ED00D5A3EC /* Project object */;
			proxyType = 1;
			remoteGlobalIDString = 020020ED25C304ED00D5A3EC;
			remoteInfo = tippy;
		};
		0200211025C304EF00D5A3EC /* PBXContainerItemProxy */ = {
			isa = PBXContainerItemProxy;
			containerPortal = 020020E625C304ED00D5A3EC /* Project object */;
			proxyType = 1;
			remoteGlobalIDString = 020020ED25C304ED00D5A3EC;
			remoteInfo = tippy;
		};
/* End PBXContainerItemProxy section */

/* Begin PBXFileReference section */
		020020EE25C304ED00D5A3EC /* tippy.app */ = {isa = PBXFileReference; explicitFileType = wrapper.application; includeInIndex = 0; path = tippy.app; sourceTree = BUILT_PRODUCTS_DIR; };
		020020F125C304ED00D5A3EC /* AppDelegate.swift */ = {isa = PBXFileReference; lastKnownFileType = sourcecode.swift; path = AppDelegate.swift; sourceTree = "<group>"; };
		020020F325C304ED00D5A3EC /* SceneDelegate.swift */ = {isa = PBXFileReference; lastKnownFileType = sourcecode.swift; path = SceneDelegate.swift; sourceTree = "<group>"; };
		020020F525C304ED00D5A3EC /* ViewController.swift */ = {isa = PBXFileReference; lastKnownFileType = sourcecode.swift; path = ViewController.swift; sourceTree = "<group>"; };
		020020F825C304ED00D5A3EC /* Base */ = {isa = PBXFileReference; lastKnownFileType = file.storyboard; name = Base; path = Base.lproj/Main.storyboard; sourceTree = "<group>"; };
		020020FA25C304EE00D5A3EC /* Assets.xcassets */ = {isa = PBXFileReference; lastKnownFileType = folder.assetcatalog; path = Assets.xcassets; sourceTree = "<group>"; };
		020020FD25C304EE00D5A3EC /* Base */ = {isa = PBXFileReference; lastKnownFileType = file.storyboard; name = Base; path = Base.lproj/LaunchScreen.storyboard; sourceTree = "<group>"; };
		020020FF25C304EE00D5A3EC /* Info.plist */ = {isa = PBXFileReference; lastKnownFileType = text.plist.xml; path = Info.plist; sourceTree = "<group>"; };
		0200210425C304EE00D5A3EC /* tippyTests.xctest */ = {isa = PBXFileReference; explicitFileType = wrapper.cfbundle; includeInIndex = 0; path = tippyTests.xctest; sourceTree = BUILT_PRODUCTS_DIR; };
		0200210825C304EE00D5A3EC /* tippyTests.swift */ = {isa = PBXFileReference; lastKnownFileType = sourcecode.swift; path = tippyTests.swift; sourceTree = "<group>"; };
		0200210A25C304EE00D5A3EC /* Info.plist */ = {isa = PBXFileReference; lastKnownFileType = text.plist.xml; path = Info.plist; sourceTree = "<group>"; };
		0200210F25C304EF00D5A3EC /* tippyUITests.xctest */ = {isa = PBXFileReference; explicitFileType = wrapper.cfbundle; includeInIndex = 0; path = tippyUITests.xctest; sourceTree = BUILT_PRODUCTS_DIR; };
		0200211325C304EF00D5A3EC /* tippyUITests.swift */ = {isa = PBXFileReference; lastKnownFileType = sourcecode.swift; path = tippyUITests.swift; sourceTree = "<group>"; };
		0200211525C304EF00D5A3EC /* Info.plist */ = {isa = PBXFileReference; lastKnownFileType = text.plist.xml; path = Info.plist; sourceTree = "<group>"; };
/* End PBXFileReference section */

/* Begin PBXFrameworksBuildPhase section */
		020020EB25C304ED00D5A3EC /* Frameworks */ = {
			isa = PBXFrameworksBuildPhase;
			buildActionMask = 2147483647;
			files = (
			);
			runOnlyForDeploymentPostprocessing = 0;
		};
		0200210125C304EE00D5A3EC /* Frameworks */ = {
			isa = PBXFrameworksBuildPhase;
			buildActionMask = 2147483647;
			files = (
			);
			runOnlyForDeploymentPostprocessing = 0;
		};
		0200210C25C304EE00D5A3EC /* Frameworks */ = {
			isa = PBXFrameworksBuildPhase;
			buildActionMask = 2147483647;
			files = (
			);
			runOnlyForDeploymentPostprocessing = 0;
		};
/* End PBXFrameworksBuildPhase section */

/* Begin PBXGroup section */
		020020E525C304ED00D5A3EC = {
			isa = PBXGroup;
			children = (
				020020F025C304ED00D5A3EC /* tippy */,
				0200210725C304EE00D5A3EC /* tippyTests */,
				0200211225C304EF00D5A3EC /* tippyUITests */,
				020020EF25C304ED00D5A3EC /* Products */,
			);
			sourceTree = "<group>";
		};
		020020EF25C304ED00D5A3EC /* Products */ = {
			isa = PBXGroup;
			children = (
				020020EE25C304ED00D5A3EC /* tippy.app */,
				0200210425C304EE00D5A3EC /* tippyTests.xctest */,
				0200210F25C304EF00D5A3EC /* tippyUITests.xctest */,
			);
			name = Products;
			sourceTree = "<group>";
		};
		020020F025C304ED00D5A3EC /* tippy */ = {
			isa = PBXGroup;
			children = (
				020020F125C304ED00D5A3EC /* AppDelegate.swift */,
				020020F325C304ED00D5A3EC /* SceneDelegate.swift */,
				020020F525C304ED00D5A3EC /* ViewController.swift */,
				020020F725C304ED00D5A3EC /* Main.storyboard */,
				020020FA25C304EE00D5A3EC /* Assets.xcassets */,
				020020FC25C304EE00D5A3EC /* LaunchScreen.storyboard */,
				020020FF25C304EE00D5A3EC /* Info.plist */,
			);
			path = tippy;
			sourceTree = "<group>";
		};
		0200210725C304EE00D5A3EC /* tippyTests */ = {
			isa = PBXGroup;
			children = (
				0200210825C304EE00D5A3EC /* tippyTests.swift */,
				0200210A25C304EE00D5A3EC /* Info.plist */,
			);
			path = tippyTests;
			sourceTree = "<group>";
		};
		0200211225C304EF00D5A3EC /* tippyUITests */ = {
			isa = PBXGroup;
			children = (
				0200211325C304EF00D5A3EC /* tippyUITests.swift */,
				0200211525C304EF00D5A3EC /* Info.plist */,
			);
			path = tippyUITests;
			sourceTree = "<group>";
		};
/* End PBXGroup section */

/* Begin PBXNativeTarget section */
		020020ED25C304ED00D5A3EC /* tippy */ = {
			isa = PBXNativeTarget;
			buildConfigurationList = 0200211825C304EF00D5A3EC /* Build configuration list for PBXNativeTarget "tippy" */;
			buildPhases = (
				020020EA25C304ED00D5A3EC /* Sources */,
				020020EB25C304ED00D5A3EC /* Frameworks */,
				020020EC25C304ED00D5A3EC /* Resources */,
			);
			buildRules = (
			);
			dependencies = (
			);
			name = tippy;
			productName = tippy;
			productReference = 020020EE25C304ED00D5A3EC /* tippy.app */;
			productType = "com.apple.product-type.application";
		};
		0200210325C304EE00D5A3EC /* tippyTests */ = {
			isa = PBXNativeTarget;
			buildConfigurationList = 0200211B25C304EF00D5A3EC /* Build configuration list for PBXNativeTarget "tippyTests" */;
			buildPhases = (
				0200210025C304EE00D5A3EC /* Sources */,
				0200210125C304EE00D5A3EC /* Frameworks */,
				0200210225C304EE00D5A3EC /* Resources */,
			);
			buildRules = (
			);
			dependencies = (
				0200210625C304EE00D5A3EC /* PBXTargetDependency */,
			);
			name = tippyTests;
			productName = tippyTests;
			productReference = 0200210425C304EE00D5A3EC /* tippyTests.xctest */;
			productType = "com.apple.product-type.bundle.unit-test";
		};
		0200210E25C304EE00D5A3EC /* tippyUITests */ = {
			isa = PBXNativeTarget;
			buildConfigurationList = 0200211E25C304EF00D5A3EC /* Build configuration list for PBXNativeTarget "tippyUITests" */;
			buildPhases = (
				0200210B25C304EE00D5A3EC /* Sources */,
				0200210C25C304EE00D5A3EC /* Frameworks */,
				0200210D25C304EE00D5A3EC /* Resources */,
			);
			buildRules = (
			);
			dependencies = (
				0200211125C304EF00D5A3EC /* PBXTargetDependency */,
			);
			name = tippyUITests;
			productName = tippyUITests;
			productReference = 0200210F25C304EF00D5A3EC /* tippyUITests.xctest */;
			productType = "com.apple.product-type.bundle.ui-testing";
		};
/* End PBXNativeTarget section */

/* Begin PBXProject section */
		020020E625C304ED00D5A3EC /* Project object */ = {
			isa = PBXProject;
			attributes = {
				LastSwiftUpdateCheck = 1230;
				LastUpgradeCheck = 1230;
				TargetAttributes = {
					020020ED25C304ED00D5A3EC = {
						CreatedOnToolsVersion = 12.3;
					};
					0200210325C304EE00D5A3EC = {
						CreatedOnToolsVersion = 12.3;
						TestTargetID = 020020ED25C304ED00D5A3EC;
					};
					0200210E25C304EE00D5A3EC = {
						CreatedOnToolsVersion = 12.3;
						TestTargetID = 020020ED25C304ED00D5A3EC;
					};
				};
			};
			buildConfigurationList = 020020E925C304ED00D5A3EC /* Build configuration list for PBXProject "tippy" */;
			compatibilityVersion = "Xcode 9.3";
			developmentRegion = en;
			hasScannedForEncodings = 0;
			knownRegions = (
				en,
				Base,
			);
			mainGroup = 020020E525C304ED00D5A3EC;
			productRefGroup = 020020EF25C304ED00D5A3EC /* Products */;
			projectDirPath = "";
			projectRoot = "";
			targets = (
				020020ED25C304ED00D5A3EC /* tippy */,
				0200210325C304EE00D5A3EC /* tippyTests */,
				0200210E25C304EE00D5A3EC /* tippyUITests */,
			);
		};
/* End PBXProject section */

/* Begin PBXResourcesBuildPhase section */
		020020EC25C304ED00D5A3EC /* Resources */ = {
			isa = PBXResourcesBuildPhase;
			buildActionMask = 2147483647;
			files = (
				020020FE25C304EE00D5A3EC /* LaunchScreen.storyboard in Resources */,
				020020FB25C304EE00D5A3EC /* Assets.xcassets in Resources */,
				020020F925C304ED00D5A3EC /* Main.storyboard in Resources */,
			);
			runOnlyForDeploymentPostprocessing = 0;
		};
		0200210225C304EE00D5A3EC /* Resources */ = {
			isa = PBXResourcesBuildPhase;
			buildActionMask = 2147483647;
			files = (
			);
			runOnlyForDeploymentPostprocessing = 0;
		};
		0200210D25C304EE00D5A3EC /* Resources */ = {
			isa = PBXResourcesBuildPhase;
			buildActionMask = 2147483647;
			files = (
			);
			runOnlyForDeploymentPostprocessing = 0;
		};
/* End PBXResourcesBuildPhase section */

/* Begin PBXSourcesBuildPhase section */
		020020EA25C304ED00D5A3EC /* Sources */ = {
			isa = PBXSourcesBuildPhase;
			buildActionMask = 2147483647;
			files = (
				020020F625C304ED00D5A3EC /* ViewController.swift in Sources */,
				020020F225C304ED00D5A3EC /* AppDelegate.swift in Sources */,
				020020F425C304ED00D5A3EC /* SceneDelegate.swift in Sources */,
			);
			runOnlyForDeploymentPostprocessing = 0;
		};
		0200210025C304EE00D5A3EC /* Sources */ = {
			isa = PBXSourcesBuildPhase;
			buildActionMask = 2147483647;
			files = (
				0200210925C304EE00D5A3EC /* tippyTests.swift in Sources */,
			);
			runOnlyForDeploymentPostprocessing = 0;
		};
		0200210B25C304EE00D5A3EC /* Sources */ = {
			isa = PBXSourcesBuildPhase;
			buildActionMask = 2147483647;
			files = (
				0200211425C304EF00D5A3EC /* tippyUITests.swift in Sources */,
			);
			runOnlyForDeploymentPostprocessing = 0;
		};
/* End PBXSourcesBuildPhase section */

/* Begin PBXTargetDependency section */
		0200210625C304EE00D5A3EC /* PBXTargetDependency */ = {
			isa = PBXTargetDependency;
			target = 020020ED25C304ED00D5A3EC /* tippy */;
			targetProxy = 0200210525C304EE00D5A3EC /* PBXContainerItemProxy */;
		};
		0200211125C304EF00D5A3EC /* PBXTargetDependency */ = {
			isa = PBXTargetDependency;
			target = 020020ED25C304ED00D5A3EC /* tippy */;
			targetProxy = 0200211025C304EF00D5A3EC /* PBXContainerItemProxy */;
		};
/* End PBXTargetDependency section */

/* Begin PBXVariantGroup section */
		020020F725C304ED00D5A3EC /* Main.storyboard */ = {
			isa = PBXVariantGroup;
			children = (
				020020F825C304ED00D5A3EC /* Base */,
			);
			name = Main.storyboard;
			sourceTree = "<group>";
		};
		020020FC25C304EE00D5A3EC /* LaunchScreen.storyboard */ = {
			isa = PBXVariantGroup;
			children = (
				020020FD25C304EE00D5A3EC /* Base */,
			);
			name = LaunchScreen.storyboard;
			sourceTree = "<group>";
		};
/* End PBXVariantGroup section */

/* Begin XCBuildConfiguration section */
		0200211625C304EF00D5A3EC /* Debug */ = {
			isa = XCBuildConfiguration;
			buildSettings = {
				ALWAYS_SEARCH_USER_PATHS = NO;
				CLANG_ANALYZER_NONNULL = YES;
				CLANG_ANALYZER_NUMBER_OBJECT_CONVERSION = YES_AGGRESSIVE;
				CLANG_CXX_LANGUAGE_STANDARD = "gnu++14";
				CLANG_CXX_LIBRARY = "libc++";
				CLANG_ENABLE_MODULES = YES;
				CLANG_ENABLE_OBJC_ARC = YES;
				CLANG_ENABLE_OBJC_WEAK = YES;
				CLANG_WARN_BLOCK_CAPTURE_AUTORELEASING = YES;
				CLANG_WARN_BOOL_CONVERSION = YES;
				CLANG_WARN_COMMA = YES;
				CLANG_WARN_CONSTANT_CONVERSION = YES;
				CLANG_WARN_DEPRECATED_OBJC_IMPLEMENTATIONS = YES;
				CLANG_WARN_DIRECT_OBJC_ISA_USAGE = YES_ERROR;
				CLANG_WARN_DOCUMENTATION_COMMENTS = YES;
				CLANG_WARN_EMPTY_BODY = YES;
				CLANG_WARN_ENUM_CONVERSION = YES;
				CLANG_WARN_INFINITE_RECURSION = YES;
				CLANG_WARN_INT_CONVERSION = YES;
				CLANG_WARN_NON_LITERAL_NULL_CONVERSION = YES;
				CLANG_WARN_OBJC_IMPLICIT_RETAIN_SELF = YES;
				CLANG_WARN_OBJC_LITERAL_CONVERSION = YES;
				CLANG_WARN_OBJC_ROOT_CLASS = YES_ERROR;
				CLANG_WARN_QUOTED_INCLUDE_IN_FRAMEWORK_HEADER = YES;
				CLANG_WARN_RANGE_LOOP_ANALYSIS = YES;
				CLANG_WARN_STRICT_PROTOTYPES = YES;
				CLANG_WARN_SUSPICIOUS_MOVE = YES;
				CLANG_WARN_UNGUARDED_AVAILABILITY = YES_AGGRESSIVE;
				CLANG_WARN_UNREACHABLE_CODE = YES;
				CLANG_WARN__DUPLICATE_METHOD_MATCH = YES;
				COPY_PHASE_STRIP = NO;
				DEBUG_INFORMATION_FORMAT = dwarf;
				ENABLE_STRICT_OBJC_MSGSEND = YES;
				ENABLE_TESTABILITY = YES;
				GCC_C_LANGUAGE_STANDARD = gnu11;
				GCC_DYNAMIC_NO_PIC = NO;
				GCC_NO_COMMON_BLOCKS = YES;
				GCC_OPTIMIZATION_LEVEL = 0;
				GCC_PREPROCESSOR_DEFINITIONS = (
					"DEBUG=1",
					"$(inherited)",
				);
				GCC_WARN_64_TO_32_BIT_CONVERSION = YES;
				GCC_WARN_ABOUT_RETURN_TYPE = YES_ERROR;
				GCC_WARN_UNDECLARED_SELECTOR = YES;
				GCC_WARN_UNINITIALIZED_AUTOS = YES_AGGRESSIVE;
				GCC_WARN_UNUSED_FUNCTION = YES;
				GCC_WARN_UNUSED_VARIABLE = YES;
				IPHONEOS_DEPLOYMENT_TARGET = 14.3;
				MTL_ENABLE_DEBUG_INFO = INCLUDE_SOURCE;
				MTL_FAST_MATH = YES;
				ONLY_ACTIVE_ARCH = YES;
				SDKROOT = iphoneos;
				SWIFT_ACTIVE_COMPILATION_CONDITIONS = DEBUG;
				SWIFT_OPTIMIZATION_LEVEL = "-Onone";
			};
			name = Debug;
		};
		0200211725C304EF00D5A3EC /* Release */ = {
			isa = XCBuildConfiguration;
			buildSettings = {
				ALWAYS_SEARCH_USER_PATHS = NO;
				CLANG_ANALYZER_NONNULL = YES;
				CLANG_ANALYZER_NUMBER_OBJECT_CONVERSION = YES_AGGRESSIVE;
				CLANG_CXX_LANGUAGE_STANDARD = "gnu++14";
				CLANG_CXX_LIBRARY = "libc++";
				CLANG_ENABLE_MODULES = YES;
				CLANG_ENABLE_OBJC_ARC = YES;
				CLANG_ENABLE_OBJC_WEAK = YES;
				CLANG_WARN_BLOCK_CAPTURE_AUTORELEASING = YES;
				CLANG_WARN_BOOL_CONVERSION = YES;
				CLANG_WARN_COMMA = YES;
				CLANG_WARN_CONSTANT_CONVERSION = YES;
				CLANG_WARN_DEPRECATED_OBJC_IMPLEMENTATIONS = YES;
				CLANG_WARN_DIRECT_OBJC_ISA_USAGE = YES_ERROR;
				CLANG_WARN_DOCUMENTATION_COMMENTS = YES;
				CLANG_WARN_EMPTY_BODY = YES;
				CLANG_WARN_ENUM_CONVERSION = YES;
				CLANG_WARN_INFINITE_RECURSION = YES;
				CLANG_WARN_INT_CONVERSION = YES;
				CLANG_WARN_NON_LITERAL_NULL_CONVERSION = YES;
				CLANG_WARN_OBJC_IMPLICIT_RETAIN_SELF = YES;
				CLANG_WARN_OBJC_LITERAL_CONVERSION = YES;
				CLANG_WARN_OBJC_ROOT_CLASS = YES_ERROR;
				CLANG_WARN_QUOTED_INCLUDE_IN_FRAMEWORK_HEADER = YES;
				CLANG_WARN_RANGE_LOOP_ANALYSIS = YES;
				CLANG_WARN_STRICT_PROTOTYPES = YES;
				CLANG_WARN_SUSPICIOUS_MOVE = YES;
				CLANG_WARN_UNGUARDED_AVAILABILITY = YES_AGGRESSIVE;
				CLANG_WARN_UNREACHABLE_CODE = YES;
				CLANG_WARN__DUPLICATE_METHOD_MATCH = YES;
				COPY_PHASE_STRIP = NO;
				DEBUG_INFORMATION_FORMAT = "dwarf-with-dsym";
				ENABLE_NS_ASSERTIONS = NO;
				ENABLE_STRICT_OBJC_MSGSEND = YES;
				GCC_C_LANGUAGE_STANDARD = gnu11;
				GCC_NO_COMMON_BLOCKS = YES;
				GCC_WARN_64_TO_32_BIT_CONVERSION = YES;
				GCC_WARN_ABOUT_RETURN_TYPE = YES_ERROR;
				GCC_WARN_UNDECLARED_SELECTOR = YES;
				GCC_WARN_UNINITIALIZED_AUTOS = YES_AGGRESSIVE;
				GCC_WARN_UNUSED_FUNCTION = YES;
				GCC_WARN_UNUSED_VARIABLE = YES;
				IPHONEOS_DEPLOYMENT_TARGET = 14.3;
				MTL_ENABLE_DEBUG_INFO = NO;
				MTL_FAST_MATH = YES;
				SDKROOT = iphoneos;
				SWIFT_COMPILATION_MODE = wholemodule;
				SWIFT_OPTIMIZATION_LEVEL = "-O";
				VALIDATE_PRODUCT = YES;
			};
			name = Release;
		};
		0200211925C304EF00D5A3EC /* Debug */ = {
			isa = XCBuildConfiguration;
			buildSettings = {
				ASSETCATALOG_COMPILER_APPICON_NAME = AppIcon;
				ASSETCATALOG_COMPILER_GLOBAL_ACCENT_COLOR_NAME = AccentColor;
				CODE_SIGN_STYLE = Automatic;
				INFOPLIST_FILE = tippy/Info.plist;
				LD_RUNPATH_SEARCH_PATHS = (
					"$(inherited)",
					"@executable_path/Frameworks",
				);
				PRODUCT_BUNDLE_IDENTIFIER = codepath.tippy;
				PRODUCT_NAME = "$(TARGET_NAME)";
				SWIFT_VERSION = 5.0;
				TARGETED_DEVICE_FAMILY = "1,2";
			};
			name = Debug;
		};
		0200211A25C304EF00D5A3EC /* Release */ = {
			isa = XCBuildConfiguration;
			buildSettings = {
				ASSETCATALOG_COMPILER_APPICON_NAME = AppIcon;
				ASSETCATALOG_COMPILER_GLOBAL_ACCENT_COLOR_NAME = AccentColor;
				CODE_SIGN_STYLE = Automatic;
				INFOPLIST_FILE = tippy/Info.plist;
				LD_RUNPATH_SEARCH_PATHS = (
					"$(inherited)",
					"@executable_path/Frameworks",
				);
				PRODUCT_BUNDLE_IDENTIFIER = codepath.tippy;
				PRODUCT_NAME = "$(TARGET_NAME)";
				SWIFT_VERSION = 5.0;
				TARGETED_DEVICE_FAMILY = "1,2";
			};
			name = Release;
		};
		0200211C25C304EF00D5A3EC /* Debug */ = {
			isa = XCBuildConfiguration;
			buildSettings = {
				ALWAYS_EMBED_SWIFT_STANDARD_LIBRARIES = YES;
				BUNDLE_LOADER = "$(TEST_HOST)";
				CODE_SIGN_STYLE = Automatic;
				INFOPLIST_FILE = tippyTests/Info.plist;
				IPHONEOS_DEPLOYMENT_TARGET = 14.3;
				LD_RUNPATH_SEARCH_PATHS = (
					"$(inherited)",
					"@executable_path/Frameworks",
					"@loader_path/Frameworks",
				);
				PRODUCT_BUNDLE_IDENTIFIER = codepath.tippyTests;
				PRODUCT_NAME = "$(TARGET_NAME)";
				SWIFT_VERSION = 5.0;
				TARGETED_DEVICE_FAMILY = "1,2";
				TEST_HOST = "$(BUILT_PRODUCTS_DIR)/tippy.app/tippy";
			};
			name = Debug;
		};
		0200211D25C304EF00D5A3EC /* Release */ = {
			isa = XCBuildConfiguration;
			buildSettings = {
				ALWAYS_EMBED_SWIFT_STANDARD_LIBRARIES = YES;
				BUNDLE_LOADER = "$(TEST_HOST)";
				CODE_SIGN_STYLE = Automatic;
				INFOPLIST_FILE = tippyTests/Info.plist;
				IPHONEOS_DEPLOYMENT_TARGET = 14.3;
				LD_RUNPATH_SEARCH_PATHS = (
					"$(inherited)",
					"@executable_path/Frameworks",
					"@loader_path/Frameworks",
				);
				PRODUCT_BUNDLE_IDENTIFIER = codepath.tippyTests;
				PRODUCT_NAME = "$(TARGET_NAME)";
				SWIFT_VERSION = 5.0;
				TARGETED_DEVICE_FAMILY = "1,2";
				TEST_HOST = "$(BUILT_PRODUCTS_DIR)/tippy.app/tippy";
			};
			name = Release;
		};
		0200211F25C304EF00D5A3EC /* Debug */ = {
			isa = XCBuildConfiguration;
			buildSettings = {
				ALWAYS_EMBED_SWIFT_STANDARD_LIBRARIES = YES;
				CODE_SIGN_STYLE = Automatic;
				INFOPLIST_FILE = tippyUITests/Info.plist;
				LD_RUNPATH_SEARCH_PATHS = (
					"$(inherited)",
					"@executable_path/Frameworks",
					"@loader_path/Frameworks",
				);
				PRODUCT_BUNDLE_IDENTIFIER = codepath.tippyUITests;
				PRODUCT_NAME = "$(TARGET_NAME)";
				SWIFT_VERSION = 5.0;
				TARGETED_DEVICE_FAMILY = "1,2";
				TEST_TARGET_NAME = tippy;
			};
			name = Debug;
		};
		0200212025C304EF00D5A3EC /* Release */ = {
			isa = XCBuildConfiguration;
			buildSettings = {
				ALWAYS_EMBED_SWIFT_STANDARD_LIBRARIES = YES;
				CODE_SIGN_STYLE = Automatic;
				INFOPLIST_FILE = tippyUITests/Info.plist;
				LD_RUNPATH_SEARCH_PATHS = (
					"$(inherited)",
					"@executable_path/Frameworks",
					"@loader_path/Frameworks",
				);
				PRODUCT_BUNDLE_IDENTIFIER = codepath.tippyUITests;
				PRODUCT_NAME = "$(TARGET_NAME)";
				SWIFT_VERSION = 5.0;
				TARGETED_DEVICE_FAMILY = "1,2";
				TEST_TARGET_NAME = tippy;
			};
			name = Release;
		};
/* End XCBuildConfiguration section */

/* Begin XCConfigurationList section */
		020020E925C304ED00D5A3EC /* Build configuration list for PBXProject "tippy" */ = {
			isa = XCConfigurationList;
			buildConfigurations = (
				0200211625C304EF00D5A3EC /* Debug */,
				0200211725C304EF00D5A3EC /* Release */,
			);
			defaultConfigurationIsVisible = 0;
			defaultConfigurationName = Release;
		};
		0200211825C304EF00D5A3EC /* Build configuration list for PBXNativeTarget "tippy" */ = {
			isa = XCConfigurationList;
			buildConfigurations = (
				0200211925C304EF00D5A3EC /* Debug */,
				0200211A25C304EF00D5A3EC /* Release */,
			);
			defaultConfigurationIsVisible = 0;
			defaultConfigurationName = Release;
		};
		0200211B25C304EF00D5A3EC /* Build configuration list for PBXNativeTarget "tippyTests" */ = {
			isa = XCConfigurationList;
			buildConfigurations = (
				0200211C25C304EF00D5A3EC /* Debug */,
				0200211D25C304EF00D5A3EC /* Release */,
			);
			defaultConfigurationIsVisible = 0;
			defaultConfigurationName = Release;
		};
		0200211E25C304EF00D5A3EC /* Build configuration list for PBXNativeTarget "tippyUITests" */ = {
			isa = XCConfigurationList;
			buildConfigurations = (
				0200211F25C304EF00D5A3EC /* Debug */,
				0200212025C304EF00D5A3EC /* Release */,
			);
			defaultConfigurationIsVisible = 0;
			defaultConfigurationName = Release;
		};
/* End XCConfigurationList section */
	};
	rootObject = 020020E625C304ED00D5A3EC /* Project object */;
}
